// !$*UTF8*$!
{
	archiveVersion = 1;
	classes = {
	};
	objectVersion = 50;
	objects = {

/* Begin PBXBuildFile section */
		57EC176621F9CC4D0087618E /* AppDelegate.swift in Sources */ = {isa = PBXBuildFile; fileRef = 57EC176521F9CC4D0087618E /* AppDelegate.swift */; };
		57EC176821F9CC4D0087618E /* ViewController.swift in Sources */ = {isa = PBXBuildFile; fileRef = 57EC176721F9CC4D0087618E /* ViewController.swift */; };
		57EC176B21F9CC4D0087618E /* Main.storyboard in Resources */ = {isa = PBXBuildFile; fileRef = 57EC176921F9CC4D0087618E /* Main.storyboard */; };
		57EC176D21F9CC4E0087618E /* Assets.xcassets in Resources */ = {isa = PBXBuildFile; fileRef = 57EC176C21F9CC4E0087618E /* Assets.xcassets */; };
		57EC177021F9CC4E0087618E /* LaunchScreen.storyboard in Resources */ = {isa = PBXBuildFile; fileRef = 57EC176E21F9CC4E0087618E /* LaunchScreen.storyboard */; };
		57EC177821F9D08F0087618E /* BViewController.swift in Sources */ = {isa = PBXBuildFile; fileRef = 57EC177721F9D08F0087618E /* BViewController.swift */; };
		57EC177A21F9F0B40087618E /* AViewController.swift in Sources */ = {isa = PBXBuildFile; fileRef = 57EC177921F9F0B40087618E /* AViewController.swift */; };
/* End PBXBuildFile section */

/* Begin PBXFileReference section */
		57EC176221F9CC4D0087618E /* Years.app */ = {isa = PBXFileReference; explicitFileType = wrapper.application; includeInIndex = 0; path = Years.app; sourceTree = BUILT_PRODUCTS_DIR; };
		57EC176521F9CC4D0087618E /* AppDelegate.swift */ = {isa = PBXFileReference; lastKnownFileType = sourcecode.swift; path = AppDelegate.swift; sourceTree = "<group>"; };
		57EC176721F9CC4D0087618E /* ViewController.swift */ = {isa = PBXFileReference; lastKnownFileType = sourcecode.swift; path = ViewController.swift; sourceTree = "<group>"; };
		57EC176A21F9CC4D0087618E /* Base */ = {isa = PBXFileReference; lastKnownFileType = file.storyboard; name = Base; path = Base.lproj/Main.storyboard; sourceTree = "<group>"; };
		57EC176C21F9CC4E0087618E /* Assets.xcassets */ = {isa = PBXFileReference; lastKnownFileType = folder.assetcatalog; path = Assets.xcassets; sourceTree = "<group>"; };
		57EC176F21F9CC4E0087618E /* Base */ = {isa = PBXFileReference; lastKnownFileType = file.storyboard; name = Base; path = Base.lproj/LaunchScreen.storyboard; sourceTree = "<group>"; };
		57EC177121F9CC4E0087618E /* Info.plist */ = {isa = PBXFileReference; lastKnownFileType = text.plist.xml; path = Info.plist; sourceTree = "<group>"; };
		57EC177721F9D08F0087618E /* BViewController.swift */ = {isa = PBXFileReference; lastKnownFileType = sourcecode.swift; path = BViewController.swift; sourceTree = "<group>"; };
		57EC177921F9F0B40087618E /* AViewController.swift */ = {isa = PBXFileReference; lastKnownFileType = sourcecode.swift; path = AViewController.swift; sourceTree = "<group>"; };
/* End PBXFileReference section */

/* Begin PBXFrameworksBuildPhase section */
		57EC175F21F9CC4D0087618E /* Frameworks */ = {
			isa = PBXFrameworksBuildPhase;
			buildActionMask = 2147483647;
			files = (
			);
			runOnlyForDeploymentPostprocessing = 0;
		};
/* End PBXFrameworksBuildPhase section */

/* Begin PBXGroup section */
		57EC175921F9CC4D0087618E = {
			isa = PBXGroup;
			children = (
				57EC176421F9CC4D0087618E /* Years */,
				57EC176321F9CC4D0087618E /* Products */,
			);
			sourceTree = "<group>";
		};
		57EC176321F9CC4D0087618E /* Products */ = {
			isa = PBXGroup;
			children = (
				57EC176221F9CC4D0087618E /* Years.app */,
			);
			name = Products;
			sourceTree = "<group>";
		};
		57EC176421F9CC4D0087618E /* Years */ = {
			isa = PBXGroup;
			children = (
				57EC176521F9CC4D0087618E /* AppDelegate.swift */,
				57EC176721F9CC4D0087618E /* ViewController.swift */,
				57EC176921F9CC4D0087618E /* Main.storyboard */,
				57EC176C21F9CC4E0087618E /* Assets.xcassets */,
				57EC176E21F9CC4E0087618E /* LaunchScreen.storyboard */,
				57EC177121F9CC4E0087618E /* Info.plist */,
				57EC177721F9D08F0087618E /* BViewController.swift */,
				57EC177921F9F0B40087618E /* AViewController.swift */,
			);
			path = Years;
			sourceTree = "<group>";
		};
/* End PBXGroup section */

/* Begin PBXNativeTarget section */
		57EC176121F9CC4D0087618E /* Years */ = {
			isa = PBXNativeTarget;
			buildConfigurationList = 57EC177421F9CC4E0087618E /* Build configuration list for PBXNativeTarget "Years" */;
			buildPhases = (
				57EC175E21F9CC4D0087618E /* Sources */,
				57EC175F21F9CC4D0087618E /* Frameworks */,
				57EC176021F9CC4D0087618E /* Resources */,
			);
			buildRules = (
			);
			dependencies = (
			);
			name = Years;
			productName = Years;
			productReference = 57EC176221F9CC4D0087618E /* Years.app */;
			productType = "com.apple.product-type.application";
		};
/* End PBXNativeTarget section */

/* Begin PBXProject section */
		57EC175A21F9CC4D0087618E /* Project object */ = {
			isa = PBXProject;
			attributes = {
				LastSwiftUpdateCheck = 1000;
				LastUpgradeCheck = 1000;
				ORGANIZATIONNAME = Chiafishh;
				TargetAttributes = {
					57EC176121F9CC4D0087618E = {
						CreatedOnToolsVersion = 10.0;
					};
				};
			};
			buildConfigurationList = 57EC175D21F9CC4D0087618E /* Build configuration list for PBXProject "Years" */;
			compatibilityVersion = "Xcode 9.3";
			developmentRegion = en;
			hasScannedForEncodings = 0;
			knownRegions = (
				en,
				Base,
			);
			mainGroup = 57EC175921F9CC4D0087618E;
			productRefGroup = 57EC176321F9CC4D0087618E /* Products */;
			projectDirPath = "";
			projectRoot = "";
			targets = (
				57EC176121F9CC4D0087618E /* Years */,
			);
		};
/* End PBXProject section */

/* Begin PBXResourcesBuildPhase section */
		57EC176021F9CC4D0087618E /* Resources */ = {
			isa = PBXResourcesBuildPhase;
			buildActionMask = 2147483647;
			files = (
				57EC177021F9CC4E0087618E /* LaunchScreen.storyboard in Resources */,
				57EC176D21F9CC4E0087618E /* Assets.xcassets in Resources */,
				57EC176B21F9CC4D0087618E /* Main.storyboard in Resources */,
			);
			runOnlyForDeploymentPostprocessing = 0;
		};
/* End PBXResourcesBuildPhase section */

/* Begin PBXSourcesBuildPhase section */
		57EC175E21F9CC4D0087618E /* Sources */ = {
			isa = PBXSourcesBuildPhase;
			buildActionMask = 2147483647;
			files = (
				57EC177A21F9F0B40087618E /* AViewController.swift in Sources */,
				57EC176821F9CC4D0087618E /* ViewController.swift in Sources */,
				57EC177821F9D08F0087618E /* BViewController.swift in Sources */,
				57EC176621F9CC4D0087618E /* AppDelegate.swift in Sources */,
			);
			runOnlyForDeploymentPostprocessing = 0;
		};
/* End PBXSourcesBuildPhase section */

/* Begin PBXVariantGroup section */
		57EC176921F9CC4D0087618E /* Main.storyboard */ = {
			isa = PBXVariantGroup;
			children = (
				57EC176A21F9CC4D0087618E /* Base */,
			);
			name = Main.storyboard;
			sourceTree = "<group>";
		};
		57EC176E21F9CC4E0087618E /* LaunchScreen.storyboard */ = {
			isa = PBXVariantGroup;
			children = (
				57EC176F21F9CC4E0087618E /* Base */,
			);
			name = LaunchScreen.storyboard;
			sourceTree = "<group>";
		};
/* End PBXVariantGroup section */

/* Begin XCBuildConfiguration section */
		57EC177221F9CC4E0087618E /* Debug */ = {
			isa = XCBuildConfiguration;
			buildSettings = {
				ALWAYS_SEARCH_USER_PATHS = NO;
				CLANG_ANALYZER_NONNULL = YES;
				CLANG_ANALYZER_NUMBER_OBJECT_CONVERSION = YES_AGGRESSIVE;
				CLANG_CXX_LANGUAGE_STANDARD = "gnu++14";
				CLANG_CXX_LIBRARY = "libc++";
				CLANG_ENABLE_MODULES = YES;
				CLANG_ENABLE_OBJC_ARC = YES;
				CLANG_ENABLE_OBJC_WEAK = YES;
				CLANG_WARN_BLOCK_CAPTURE_AUTORELEASING = YES;
				CLANG_WARN_BOOL_CONVERSION = YES;
				CLANG_WARN_COMMA = YES;
				CLANG_WARN_CONSTANT_CONVERSION = YES;
				CLANG_WARN_DEPRECATED_OBJC_IMPLEMENTATIONS = YES;
				CLANG_WARN_DIRECT_OBJC_ISA_USAGE = YES_ERROR;
				CLANG_WARN_DOCUMENTATION_COMMENTS = YES;
				CLANG_WARN_EMPTY_BODY = YES;
				CLANG_WARN_ENUM_CONVERSION = YES;
				CLANG_WARN_INFINITE_RECURSION = YES;
				CLANG_WARN_INT_CONVERSION = YES;
				CLANG_WARN_NON_LITERAL_NULL_CONVERSION = YES;
				CLANG_WARN_OBJC_IMPLICIT_RETAIN_SELF = YES;
				CLANG_WARN_OBJC_LITERAL_CONVERSION = YES;
				CLANG_WARN_OBJC_ROOT_CLASS = YES_ERROR;
				CLANG_WARN_RANGE_LOOP_ANALYSIS = YES;
				CLANG_WARN_STRICT_PROTOTYPES = YES;
				CLANG_WARN_SUSPICIOUS_MOVE = YES;
				CLANG_WARN_UNGUARDED_AVAILABILITY = YES_AGGRESSIVE;
				CLANG_WARN_UNREACHABLE_CODE = YES;
				CLANG_WARN__DUPLICATE_METHOD_MATCH = YES;
				CODE_SIGN_IDENTITY = "iPhone Developer";
				COPY_PHASE_STRIP = NO;
				DEBUG_INFORMATION_FORMAT = dwarf;
				ENABLE_STRICT_OBJC_MSGSEND = YES;
				ENABLE_TESTABILITY = YES;
				GCC_C_LANGUAGE_STANDARD = gnu11;
				GCC_DYNAMIC_NO_PIC = NO;
				GCC_NO_COMMON_BLOCKS = YES;
				GCC_OPTIMIZATION_LEVEL = 0;
				GCC_PREPROCESSOR_DEFINITIONS = (
					"DEBUG=1",
					"$(inherited)",
				);
				GCC_WARN_64_TO_32_BIT_CONVERSION = YES;
				GCC_WARN_ABOUT_RETURN_TYPE = YES_ERROR;
				GCC_WARN_UNDECLARED_SELECTOR = YES;
				GCC_WARN_UNINITIALIZED_AUTOS = YES_AGGRESSIVE;
				GCC_WARN_UNUSED_FUNCTION = YES;
				GCC_WARN_UNUSED_VARIABLE = YES;
				IPHONEOS_DEPLOYMENT_TARGET = 12.0;
				MTL_ENABLE_DEBUG_INFO = INCLUDE_SOURCE;
				MTL_FAST_MATH = YES;
				ONLY_ACTIVE_ARCH = YES;
				SDKROOT = iphoneos;
				SWIFT_ACTIVE_COMPILATION_CONDITIONS = DEBUG;
				SWIFT_OPTIMIZATION_LEVEL = "-Onone";
			};
			name = Debug;
		};
		57EC177321F9CC4E0087618E /* Release */ = {
			isa = XCBuildConfiguration;
			buildSettings = {
				ALWAYS_SEARCH_USER_PATHS = NO;
				CLANG_ANALYZER_NONNULL = YES;
				CLANG_ANALYZER_NUMBER_OBJECT_CONVERSION = YES_AGGRESSIVE;
				CLANG_CXX_LANGUAGE_STANDARD = "gnu++14";
				CLANG_CXX_LIBRARY = "libc++";
				CLANG_ENABLE_MODULES = YES;
				CLANG_ENABLE_OBJC_ARC = YES;
				CLANG_ENABLE_OBJC_WEAK = YES;
				CLANG_WARN_BLOCK_CAPTURE_AUTORELEASING = YES;
				CLANG_WARN_BOOL_CONVERSION = YES;
				CLANG_WARN_COMMA = YES;
				CLANG_WARN_CONSTANT_CONVERSION = YES;
				CLANG_WARN_DEPRECATED_OBJC_IMPLEMENTATIONS = YES;
				CLANG_WARN_DIRECT_OBJC_ISA_USAGE = YES_ERROR;
				CLANG_WARN_DOCUMENTATION_COMMENTS = YES;
				CLANG_WARN_EMPTY_BODY = YES;
				CLANG_WARN_ENUM_CONVERSION = YES;
				CLANG_WARN_INFINITE_RECURSION = YES;
				CLANG_WARN_INT_CONVERSION = YES;
				CLANG_WARN_NON_LITERAL_NULL_CONVERSION = YES;
				CLANG_WARN_OBJC_IMPLICIT_RETAIN_SELF = YES;
				CLANG_WARN_OBJC_LITERAL_CONVERSION = YES;
				CLANG_WARN_OBJC_ROOT_CLASS = YES_ERROR;
				CLANG_WARN_RANGE_LOOP_ANALYSIS = YES;
				CLANG_WARN_STRICT_PROTOTYPES = YES;
				CLANG_WARN_SUSPICIOUS_MOVE = YES;
				CLANG_WARN_UNGUARDED_AVAILABILITY = YES_AGGRESSIVE;
				CLANG_WARN_UNREACHABLE_CODE = YES;
				CLANG_WARN__DUPLICATE_METHOD_MATCH = YES;
				CODE_SIGN_IDENTITY = "iPhone Developer";
				COPY_PHASE_STRIP = NO;
				DEBUG_INFORMATION_FORMAT = "dwarf-with-dsym";
				ENABLE_NS_ASSERTIONS = NO;
				ENABLE_STRICT_OBJC_MSGSEND = YES;
				GCC_C_LANGUAGE_STANDARD = gnu11;
				GCC_NO_COMMON_BLOCKS = YES;
				GCC_WARN_64_TO_32_BIT_CONVERSION = YES;
				GCC_WARN_ABOUT_RETURN_TYPE = YES_ERROR;
				GCC_WARN_UNDECLARED_SELECTOR = YES;
				GCC_WARN_UNINITIALIZED_AUTOS = YES_AGGRESSIVE;
				GCC_WARN_UNUSED_FUNCTION = YES;
				GCC_WARN_UNUSED_VARIABLE = YES;
				IPHONEOS_DEPLOYMENT_TARGET = 12.0;
				MTL_ENABLE_DEBUG_INFO = NO;
				MTL_FAST_MATH = YES;
				SDKROOT = iphoneos;
				SWIFT_COMPILATION_MODE = wholemodule;
				SWIFT_OPTIMIZATION_LEVEL = "-O";
				VALIDATE_PRODUCT = YES;
			};
			name = Release;
		};
		57EC177521F9CC4E0087618E /* Debug */ = {
			isa = XCBuildConfiguration;
			buildSettings = {
				ASSETCATALOG_COMPILER_APPICON_NAME = AppIcon;
				CODE_SIGN_STYLE = Automatic;
				INFOPLIST_FILE = Years/Info.plist;
				IPHONEOS_DEPLOYMENT_TARGET = 11.4;
				LD_RUNPATH_SEARCH_PATHS = (
					"$(inherited)",
					"@executable_path/Frameworks",
				);
				PRODUCT_BUNDLE_IDENTIFIER = fishChia.Years;
				PRODUCT_NAME = "$(TARGET_NAME)";
				SWIFT_VERSION = 4.2;
				TARGETED_DEVICE_FAMILY = "1,2";
			};
			name = Debug;
		};
		57EC177621F9CC4E0087618E /* Release */ = {
			isa = XCBuildConfiguration;
			buildSettings = {
				ASSETCATALOG_COMPILER_APPICON_NAME = AppIcon;
				CODE_SIGN_STYLE = Automatic;
				INFOPLIST_FILE = Years/Info.plist;
				IPHONEOS_DEPLOYMENT_TARGET = 11.4;
				LD_RUNPATH_SEARCH_PATHS = (
					"$(inherited)",
					"@executable_path/Frameworks",
				);
				PRODUCT_BUNDLE_IDENTIFIER = fishChia.Years;
				PRODUCT_NAME = "$(TARGET_NAME)";
				SWIFT_VERSION = 4.2;
				TARGETED_DEVICE_FAMILY = "1,2";
			};
			name = Release;
		};
/* End XCBuildConfiguration section */

/* Begin XCConfigurationList section */
		57EC175D21F9CC4D0087618E /* Build configuration list for PBXProject "Years" */ = {
			isa = XCConfigurationList;
			buildConfigurations = (
				57EC177221F9CC4E0087618E /* Debug */,
				57EC177321F9CC4E0087618E /* Release */,
			);
			defaultConfigurationIsVisible = 0;
			defaultConfigurationName = Release;
		};
		57EC177421F9CC4E0087618E /* Build configuration list for PBXNativeTarget "Years" */ = {
			isa = XCConfigurationList;
			buildConfigurations = (
				57EC177521F9CC4E0087618E /* Debug */,
				57EC177621F9CC4E0087618E /* Release */,
			);
			defaultConfigurationIsVisible = 0;
			defaultConfigurationName = Release;
		};
/* End XCConfigurationList section */
	};
	rootObject = 57EC175A21F9CC4D0087618E /* Project object */;
}
